
Microsoft Visual Studio Solution File, Format Version 12.00
# Visual Studio Version 17
VisualStudioVersion = 17.0.31903.59
MinimumVisualStudioVersion = 10.0.40219.1
Project("{FAE04EC0-301F-11D3-BF4B-00C04F79EFBC}") = "TwoThousandAndFifteen.Lib", "TwoThousandAndFifteen.Lib\TwoThousandAndFifteen.Lib.csproj", "{DF85C8C7-FD8C-44B1-A1B7-DEE1DD49FBDF}"
EndProject
Project("{FAE04EC0-301F-11D3-BF4B-00C04F79EFBC}") = "TwoThousandAndFifteen.Tests.Unit", "TwoThousandAndFifteen.Tests.Unit\TwoThousandAndFifteen.Tests.Unit.csproj", "{FEBC0078-B336-413C-9FA2-B9851E788E27}"
EndProject
Global
	GlobalSection(SolutionConfigurationPlatforms) = preSolution
		Debug|Any CPU = Debug|Any CPU
		Release|Any CPU = Release|Any CPU
	EndGlobalSection
	GlobalSection(SolutionProperties) = preSolution
		HideSolutionNode = FALSE
	EndGlobalSection
	GlobalSection(ProjectConfigurationPlatforms) = postSolution
		{DF85C8C7-FD8C-44B1-A1B7-DEE1DD49FBDF}.Debug|Any CPU.ActiveCfg = Debug|Any CPU
		{DF85C8C7-FD8C-44B1-A1B7-DEE1DD49FBDF}.Debug|Any CPU.Build.0 = Debug|Any CPU
		{DF85C8C7-FD8C-44B1-A1B7-DEE1DD49FBDF}.Release|Any CPU.ActiveCfg = Release|Any CPU
		{DF85C8C7-FD8C-44B1-A1B7-DEE1DD49FBDF}.Release|Any CPU.Build.0 = Release|Any CPU
		{FEBC0078-B336-413C-9FA2-B9851E788E27}.Debug|Any CPU.ActiveCfg = Debug|Any CPU
		{FEBC0078-B336-413C-9FA2-B9851E788E27}.Debug|Any CPU.Build.0 = Debug|Any CPU
		{FEBC0078-B336-413C-9FA2-B9851E788E27}.Release|Any CPU.ActiveCfg = Release|Any CPU
		{FEBC0078-B336-413C-9FA2-B9851E788E27}.Release|Any CPU.Build.0 = Release|Any CPU
	EndGlobalSection
EndGlobal
